
Microsoft Visual Studio Solution File, Format Version 12.00
# Visual Studio Version 17
VisualStudioVersion = 17.9.34723.18
MinimumVisualStudioVersion = 10.0.40219.1
Project("{F184B08F-C81C-45F6-A57F-5ABD9991F28F}") = "BankAccount", "BankAccount\BankAccount.vbproj", "{56E5CC68-700E-4171-9173-7FD078B2A4DC}"
EndProject
Global
	GlobalSection(SolutionConfigurationPlatforms) = preSolution
		Debug|Any CPU = Debug|Any CPU
		Release|Any CPU = Release|Any CPU
	EndGlobalSection
	GlobalSection(ProjectConfigurationPlatforms) = postSolution
		{56E5CC68-700E-4171-9173-7FD078B2A4DC}.Debug|Any CPU.ActiveCfg = Debug|Any CPU
		{56E5CC68-700E-4171-9173-7FD078B2A4DC}.Debug|Any CPU.Build.0 = Debug|Any CPU
		{56E5CC68-700E-4171-9173-7FD078B2A4DC}.Release|Any CPU.ActiveCfg = Release|Any CPU
		{56E5CC68-700E-4171-9173-7FD078B2A4DC}.Release|Any CPU.Build.0 = Release|Any CPU
	EndGlobalSection
	GlobalSection(SolutionProperties) = preSolution
		HideSolutionNode = FALSE
	EndGlobalSection
	GlobalSection(ExtensibilityGlobals) = postSolution
		SolutionGuid = {980F48D2-F8B5-449E-8778-DB8038E153A4}
	EndGlobalSection
EndGlobal
